
Microsoft Visual Studio Solution File, Format Version 12.00
# Visual Studio 15
VisualStudioVersion = 15.0.28307.852
MinimumVisualStudioVersion = 10.0.40219.1
Project("{FAE04EC0-301F-11D3-BF4B-00C04F79EFBC}") = "TestSignAndEncrypt", "TestSignAndEncrypt\TestSignAndEncrypt.csproj", "{D42876FB-A1F5-40EE-B5D7-3835E6A124AE}"
EndProject
Project("{FAE04EC0-301F-11D3-BF4B-00C04F79EFBC}") = "EncryptSign", "EncryptSign\EncryptSign.csproj", "{2B33F246-1652-41C6-833E-30320369F35C}"
EndProject
Project("{FAE04EC0-301F-11D3-BF4B-00C04F79EFBC}") = "XRails-LoginUI", "XRails-LoginUI\XRails-LoginUI.csproj", "{DC320FB7-7B0F-45D7-B30F-9EC2556E4CE1}"
EndProject
Global
	GlobalSection(SolutionConfigurationPlatforms) = preSolution
		Debug|Any CPU = Debug|Any CPU
		Debug|x86 = Debug|x86
		Release|Any CPU = Release|Any CPU
		Release|x86 = Release|x86
	EndGlobalSection
	GlobalSection(ProjectConfigurationPlatforms) = postSolution
		{D42876FB-A1F5-40EE-B5D7-3835E6A124AE}.Debug|Any CPU.ActiveCfg = Debug|Any CPU
		{D42876FB-A1F5-40EE-B5D7-3835E6A124AE}.Debug|Any CPU.Build.0 = Debug|Any CPU
		{D42876FB-A1F5-40EE-B5D7-3835E6A124AE}.Debug|x86.ActiveCfg = Debug|Any CPU
		{D42876FB-A1F5-40EE-B5D7-3835E6A124AE}.Debug|x86.Build.0 = Debug|Any CPU
		{D42876FB-A1F5-40EE-B5D7-3835E6A124AE}.Release|Any CPU.ActiveCfg = Release|Any CPU
		{D42876FB-A1F5-40EE-B5D7-3835E6A124AE}.Release|Any CPU.Build.0 = Release|Any CPU
		{D42876FB-A1F5-40EE-B5D7-3835E6A124AE}.Release|x86.ActiveCfg = Release|Any CPU
		{D42876FB-A1F5-40EE-B5D7-3835E6A124AE}.Release|x86.Build.0 = Release|Any CPU
		{2B33F246-1652-41C6-833E-30320369F35C}.Debug|Any CPU.ActiveCfg = Debug|Any CPU
		{2B33F246-1652-41C6-833E-30320369F35C}.Debug|Any CPU.Build.0 = Debug|Any CPU
		{2B33F246-1652-41C6-833E-30320369F35C}.Debug|x86.ActiveCfg = Debug|Any CPU
		{2B33F246-1652-41C6-833E-30320369F35C}.Debug|x86.Build.0 = Debug|Any CPU
		{2B33F246-1652-41C6-833E-30320369F35C}.Release|Any CPU.ActiveCfg = Release|Any CPU
		{2B33F246-1652-41C6-833E-30320369F35C}.Release|Any CPU.Build.0 = Release|Any CPU
		{2B33F246-1652-41C6-833E-30320369F35C}.Release|x86.ActiveCfg = Release|Any CPU
		{2B33F246-1652-41C6-833E-30320369F35C}.Release|x86.Build.0 = Release|Any CPU
		{DC320FB7-7B0F-45D7-B30F-9EC2556E4CE1}.Debug|Any CPU.ActiveCfg = Debug|x86
		{DC320FB7-7B0F-45D7-B30F-9EC2556E4CE1}.Debug|x86.ActiveCfg = Debug|x86
		{DC320FB7-7B0F-45D7-B30F-9EC2556E4CE1}.Debug|x86.Build.0 = Debug|x86
		{DC320FB7-7B0F-45D7-B30F-9EC2556E4CE1}.Release|Any CPU.ActiveCfg = Release|x86
		{DC320FB7-7B0F-45D7-B30F-9EC2556E4CE1}.Release|x86.ActiveCfg = Release|x86
		{DC320FB7-7B0F-45D7-B30F-9EC2556E4CE1}.Release|x86.Build.0 = Release|x86
	EndGlobalSection
	GlobalSection(SolutionProperties) = preSolution
		HideSolutionNode = FALSE
	EndGlobalSection
	GlobalSection(ExtensibilityGlobals) = postSolution
		SolutionGuid = {DFBC7308-6327-4523-8D6B-56C221BB542C}
	EndGlobalSection
EndGlobal
